
Microsoft Visual Studio Solution File, Format Version 12.00
# Visual Studio Version 17
VisualStudioVersion = 17.7.34024.191
MinimumVisualStudioVersion = 10.0.40219.1
Project("{FAE04EC0-301F-11D3-BF4B-00C04F79EFBC}") = "repo1.Android", "repo1\repo1.Android\repo1.Android.csproj", "{8DAC5133-7344-41E5-86BA-4716F4704014}"
EndProject
Project("{FAE04EC0-301F-11D3-BF4B-00C04F79EFBC}") = "repo1.iOS", "repo1\repo1.iOS\repo1.iOS.csproj", "{673A04B6-411B-4C66-A703-74E3406CCD04}"
EndProject
Project("{FAE04EC0-301F-11D3-BF4B-00C04F79EFBC}") = "repo1", "repo1\repo1\repo1.csproj", "{D2C19693-8A5D-434A-9639-14BC848F142C}"
EndProject
Global
	GlobalSection(SolutionConfigurationPlatforms) = preSolution
		Debug|Any CPU = Debug|Any CPU
		Debug|iPhone = Debug|iPhone
		Debug|iPhoneSimulator = Debug|iPhoneSimulator
		Release|Any CPU = Release|Any CPU
		Release|iPhone = Release|iPhone
		Release|iPhoneSimulator = Release|iPhoneSimulator
	EndGlobalSection
	GlobalSection(ProjectConfigurationPlatforms) = postSolution
		{8DAC5133-7344-41E5-86BA-4716F4704014}.Debug|Any CPU.ActiveCfg = Debug|Any CPU
		{8DAC5133-7344-41E5-86BA-4716F4704014}.Debug|Any CPU.Build.0 = Debug|Any CPU
		{8DAC5133-7344-41E5-86BA-4716F4704014}.Debug|Any CPU.Deploy.0 = Debug|Any CPU
		{8DAC5133-7344-41E5-86BA-4716F4704014}.Debug|iPhone.ActiveCfg = Debug|Any CPU
		{8DAC5133-7344-41E5-86BA-4716F4704014}.Debug|iPhone.Build.0 = Debug|Any CPU
		{8DAC5133-7344-41E5-86BA-4716F4704014}.Debug|iPhone.Deploy.0 = Debug|Any CPU
		{8DAC5133-7344-41E5-86BA-4716F4704014}.Debug|iPhoneSimulator.ActiveCfg = Debug|Any CPU
		{8DAC5133-7344-41E5-86BA-4716F4704014}.Debug|iPhoneSimulator.Build.0 = Debug|Any CPU
		{8DAC5133-7344-41E5-86BA-4716F4704014}.Debug|iPhoneSimulator.Deploy.0 = Debug|Any CPU
		{8DAC5133-7344-41E5-86BA-4716F4704014}.Release|Any CPU.ActiveCfg = Release|Any CPU
		{8DAC5133-7344-41E5-86BA-4716F4704014}.Release|Any CPU.Build.0 = Release|Any CPU
		{8DAC5133-7344-41E5-86BA-4716F4704014}.Release|Any CPU.Deploy.0 = Release|Any CPU
		{8DAC5133-7344-41E5-86BA-4716F4704014}.Release|iPhone.ActiveCfg = Release|Any CPU
		{8DAC5133-7344-41E5-86BA-4716F4704014}.Release|iPhone.Build.0 = Release|Any CPU
		{8DAC5133-7344-41E5-86BA-4716F4704014}.Release|iPhone.Deploy.0 = Release|Any CPU
		{8DAC5133-7344-41E5-86BA-4716F4704014}.Release|iPhoneSimulator.ActiveCfg = Release|Any CPU
		{8DAC5133-7344-41E5-86BA-4716F4704014}.Release|iPhoneSimulator.Build.0 = Release|Any CPU
		{8DAC5133-7344-41E5-86BA-4716F4704014}.Release|iPhoneSimulator.Deploy.0 = Release|Any CPU
		{673A04B6-411B-4C66-A703-74E3406CCD04}.Debug|Any CPU.ActiveCfg = Debug|iPhone
		{673A04B6-411B-4C66-A703-74E3406CCD04}.Debug|Any CPU.Build.0 = Debug|iPhone
		{673A04B6-411B-4C66-A703-74E3406CCD04}.Debug|Any CPU.Deploy.0 = Debug|iPhone
		{673A04B6-411B-4C66-A703-74E3406CCD04}.Debug|iPhone.ActiveCfg = Debug|iPhone
		{673A04B6-411B-4C66-A703-74E3406CCD04}.Debug|iPhone.Build.0 = Debug|iPhone
		{673A04B6-411B-4C66-A703-74E3406CCD04}.Debug|iPhone.Deploy.0 = Debug|iPhone
		{673A04B6-411B-4C66-A703-74E3406CCD04}.Debug|iPhoneSimulator.ActiveCfg = Debug|iPhoneSimulator
		{673A04B6-411B-4C66-A703-74E3406CCD04}.Debug|iPhoneSimulator.Build.0 = Debug|iPhoneSimulator
		{673A04B6-411B-4C66-A703-74E3406CCD04}.Debug|iPhoneSimulator.Deploy.0 = Debug|iPhoneSimulator
		{673A04B6-411B-4C66-A703-74E3406CCD04}.Release|Any CPU.ActiveCfg = Release|iPhoneSimulator
		{673A04B6-411B-4C66-A703-74E3406CCD04}.Release|Any CPU.Build.0 = Release|iPhoneSimulator
		{673A04B6-411B-4C66-A703-74E3406CCD04}.Release|Any CPU.Deploy.0 = Release|iPhoneSimulator
		{673A04B6-411B-4C66-A703-74E3406CCD04}.Release|iPhone.ActiveCfg = Release|iPhone
		{673A04B6-411B-4C66-A703-74E3406CCD04}.Release|iPhone.Build.0 = Release|iPhone
		{673A04B6-411B-4C66-A703-74E3406CCD04}.Release|iPhone.Deploy.0 = Release|iPhone
		{673A04B6-411B-4C66-A703-74E3406CCD04}.Release|iPhoneSimulator.ActiveCfg = Release|iPhoneSimulator
		{673A04B6-411B-4C66-A703-74E3406CCD04}.Release|iPhoneSimulator.Build.0 = Release|iPhoneSimulator
		{673A04B6-411B-4C66-A703-74E3406CCD04}.Release|iPhoneSimulator.Deploy.0 = Release|iPhoneSimulator
		{D2C19693-8A5D-434A-9639-14BC848F142C}.Debug|Any CPU.ActiveCfg = Debug|Any CPU
		{D2C19693-8A5D-434A-9639-14BC848F142C}.Debug|Any CPU.Build.0 = Debug|Any CPU
		{D2C19693-8A5D-434A-9639-14BC848F142C}.Debug|Any CPU.Deploy.0 = Debug|Any CPU
		{D2C19693-8A5D-434A-9639-14BC848F142C}.Debug|iPhone.ActiveCfg = Debug|Any CPU
		{D2C19693-8A5D-434A-9639-14BC848F142C}.Debug|iPhone.Build.0 = Debug|Any CPU
		{D2C19693-8A5D-434A-9639-14BC848F142C}.Debug|iPhone.Deploy.0 = Debug|Any CPU
		{D2C19693-8A5D-434A-9639-14BC848F142C}.Debug|iPhoneSimulator.ActiveCfg = Debug|Any CPU
		{D2C19693-8A5D-434A-9639-14BC848F142C}.Debug|iPhoneSimulator.Build.0 = Debug|Any CPU
		{D2C19693-8A5D-434A-9639-14BC848F142C}.Debug|iPhoneSimulator.Deploy.0 = Debug|Any CPU
		{D2C19693-8A5D-434A-9639-14BC848F142C}.Release|Any CPU.ActiveCfg = Release|Any CPU
		{D2C19693-8A5D-434A-9639-14BC848F142C}.Release|Any CPU.Build.0 = Release|Any CPU
		{D2C19693-8A5D-434A-9639-14BC848F142C}.Release|Any CPU.Deploy.0 = Release|Any CPU
		{D2C19693-8A5D-434A-9639-14BC848F142C}.Release|iPhone.ActiveCfg = Release|Any CPU
		{D2C19693-8A5D-434A-9639-14BC848F142C}.Release|iPhone.Build.0 = Release|Any CPU
		{D2C19693-8A5D-434A-9639-14BC848F142C}.Release|iPhone.Deploy.0 = Release|Any CPU
		{D2C19693-8A5D-434A-9639-14BC848F142C}.Release|iPhoneSimulator.ActiveCfg = Release|Any CPU
		{D2C19693-8A5D-434A-9639-14BC848F142C}.Release|iPhoneSimulator.Build.0 = Release|Any CPU
		{D2C19693-8A5D-434A-9639-14BC848F142C}.Release|iPhoneSimulator.Deploy.0 = Release|Any CPU
	EndGlobalSection
	GlobalSection(SolutionProperties) = preSolution
		HideSolutionNode = FALSE
	EndGlobalSection
	GlobalSection(ExtensibilityGlobals) = postSolution
		SolutionGuid = {D36412EB-0501-477F-8003-BAEA79CD02AA}
	EndGlobalSection
EndGlobal
